
Microsoft Visual Studio Solution File, Format Version 12.00
# Visual Studio Version 17
VisualStudioVersion = 17.3.32901.215
MinimumVisualStudioVersion = 10.0.40219.1
Project("{9A19103F-16F7-4668-BE54-9A1E7A4F7556}") = "educational-platform-api", "educational-platform-api.csproj", "{D787DADE-26FD-4573-8D95-3FCB427A9845}"
EndProject
Project("{FAE04EC0-301F-11D3-BF4B-00C04F79EFBC}") = "educational-platform-api.Tests", "..\educational-platform-api.Tests\educational-platform-api.Tests.csproj", "{0133D9F7-D1B4-4690-AFFF-D7312BBD19F0}"
EndProject
Project("{FAE04EC0-301F-11D3-BF4B-00C04F79EFBC}") = "api", "..\api\api.csproj", "{6B1775BD-A848-4D14-82C0-D6B81140E042}"
EndProject
Project("{FAE04EC0-301F-11D3-BF4B-00C04F79EFBC}") = "tests", "..\tests\tests.csproj", "{763D48A6-D47B-4085-95A5-F53480480A89}"
EndProject
Project("{FAE04EC0-301F-11D3-BF4B-00C04F79EFBC}") = "profile-authorization", "..\profile-authorization\profile-authorization.csproj", "{1A2AD214-F9CB-4661-95EC-32C35A674CD4}"
EndProject
Global
	GlobalSection(SolutionConfigurationPlatforms) = preSolution
		Debug|Any CPU = Debug|Any CPU
		Release|Any CPU = Release|Any CPU
	EndGlobalSection
	GlobalSection(ProjectConfigurationPlatforms) = postSolution
		{D787DADE-26FD-4573-8D95-3FCB427A9845}.Debug|Any CPU.ActiveCfg = Debug|Any CPU
		{D787DADE-26FD-4573-8D95-3FCB427A9845}.Debug|Any CPU.Build.0 = Debug|Any CPU
		{D787DADE-26FD-4573-8D95-3FCB427A9845}.Release|Any CPU.ActiveCfg = Release|Any CPU
		{D787DADE-26FD-4573-8D95-3FCB427A9845}.Release|Any CPU.Build.0 = Release|Any CPU
		{0133D9F7-D1B4-4690-AFFF-D7312BBD19F0}.Debug|Any CPU.ActiveCfg = Debug|Any CPU
		{0133D9F7-D1B4-4690-AFFF-D7312BBD19F0}.Debug|Any CPU.Build.0 = Debug|Any CPU
		{0133D9F7-D1B4-4690-AFFF-D7312BBD19F0}.Release|Any CPU.ActiveCfg = Release|Any CPU
		{0133D9F7-D1B4-4690-AFFF-D7312BBD19F0}.Release|Any CPU.Build.0 = Release|Any CPU
		{6B1775BD-A848-4D14-82C0-D6B81140E042}.Debug|Any CPU.ActiveCfg = Debug|Any CPU
		{6B1775BD-A848-4D14-82C0-D6B81140E042}.Debug|Any CPU.Build.0 = Debug|Any CPU
		{6B1775BD-A848-4D14-82C0-D6B81140E042}.Release|Any CPU.ActiveCfg = Release|Any CPU
		{6B1775BD-A848-4D14-82C0-D6B81140E042}.Release|Any CPU.Build.0 = Release|Any CPU
		{763D48A6-D47B-4085-95A5-F53480480A89}.Debug|Any CPU.ActiveCfg = Debug|Any CPU
		{763D48A6-D47B-4085-95A5-F53480480A89}.Debug|Any CPU.Build.0 = Debug|Any CPU
		{763D48A6-D47B-4085-95A5-F53480480A89}.Release|Any CPU.ActiveCfg = Release|Any CPU
		{763D48A6-D47B-4085-95A5-F53480480A89}.Release|Any CPU.Build.0 = Release|Any CPU
		{1A2AD214-F9CB-4661-95EC-32C35A674CD4}.Debug|Any CPU.ActiveCfg = Debug|Any CPU
		{1A2AD214-F9CB-4661-95EC-32C35A674CD4}.Debug|Any CPU.Build.0 = Debug|Any CPU
		{1A2AD214-F9CB-4661-95EC-32C35A674CD4}.Release|Any CPU.ActiveCfg = Release|Any CPU
		{1A2AD214-F9CB-4661-95EC-32C35A674CD4}.Release|Any CPU.Build.0 = Release|Any CPU
	EndGlobalSection
	GlobalSection(SolutionProperties) = preSolution
		HideSolutionNode = FALSE
	EndGlobalSection
	GlobalSection(ExtensibilityGlobals) = postSolution
		SolutionGuid = {F39FBD67-5F7B-45ED-A5A6-F57795E56172}
	EndGlobalSection
EndGlobal
